
Microsoft Visual Studio Solution File, Format Version 12.00
# Visual Studio 2012
Project("{F2A71F9B-5D33-465A-A702-920D77279786}") = "FSharp.Video.Magnification.Eulerian", "FSharp.Video.Magnification.Eulerian.fsproj", "{D96CE975-FC7B-480B-B8C8-F9CA0199916F}"
EndProject
Project("{2150E333-8FDC-42A3-9474-1A3956D46DE8}") = "Solution Items", "Solution Items", "{DCA84F37-358B-4994-9D74-2D6E7B90974F}"
	ProjectSection(SolutionItems) = preProject
		..\doc\EVM_Matlab\amplify_spatial_Gdown_temporal_ideal.m = ..\doc\EVM_Matlab\amplify_spatial_Gdown_temporal_ideal.m
		..\doc\EVM_Matlab\amplify_spatial_lpyr_temporal_butter.m = ..\doc\EVM_Matlab\amplify_spatial_lpyr_temporal_butter.m
		..\doc\EVM_Matlab\amplify_spatial_lpyr_temporal_ideal.m = ..\doc\EVM_Matlab\amplify_spatial_lpyr_temporal_ideal.m
		..\doc\EVM_Matlab\amplify_spatial_lpyr_temporal_iir.m = ..\doc\EVM_Matlab\amplify_spatial_lpyr_temporal_iir.m
		..\doc\EVM_Matlab\blurDnClr.m = ..\doc\EVM_Matlab\blurDnClr.m
		..\doc\EVM_Matlab\blurUpClr.m = ..\doc\EVM_Matlab\blurUpClr.m
		..\doc\EVM_Matlab\build_GDown_stack.m = ..\doc\EVM_Matlab\build_GDown_stack.m
		..\doc\EVM_Matlab\build_Lpyr_stack.m = ..\doc\EVM_Matlab\build_Lpyr_stack.m
		..\doc\EVM_Matlab\create_mask.m = ..\doc\EVM_Matlab\create_mask.m
		..\doc\EVM_Matlab\ideal_bandpassing.m = ..\doc\EVM_Matlab\ideal_bandpassing.m
		..\doc\EVM_Matlab\install.m = ..\doc\EVM_Matlab\install.m
		..\doc\EVM_Matlab\LICENSE.pdf = ..\doc\EVM_Matlab\LICENSE.pdf
		..\doc\EVM_Matlab\make_release.sh = ..\doc\EVM_Matlab\make_release.sh
		..\doc\EVM_Matlab\progmeter.m = ..\doc\EVM_Matlab\progmeter.m
		..\doc\EVM_Matlab\README.txt = ..\doc\EVM_Matlab\README.txt
		..\doc\EVM_Matlab\reproduceResults.m = ..\doc\EVM_Matlab\reproduceResults.m
	EndProjectSection
EndProject
Project("{2150E333-8FDC-42A3-9474-1A3956D46DE8}") = "matlabPyrTools", "matlabPyrTools", "{861F7721-5A84-4BB7-8134-AB48B8F8DBDF}"
	ProjectSection(SolutionItems) = preProject
		..\doc\EVM_Matlab\matlabPyrTools\binomialFilter.m = ..\doc\EVM_Matlab\matlabPyrTools\binomialFilter.m
		..\doc\EVM_Matlab\matlabPyrTools\blur.m = ..\doc\EVM_Matlab\matlabPyrTools\blur.m
		..\doc\EVM_Matlab\matlabPyrTools\blurDn.m = ..\doc\EVM_Matlab\matlabPyrTools\blurDn.m
		..\doc\EVM_Matlab\matlabPyrTools\buildGpyr.m = ..\doc\EVM_Matlab\matlabPyrTools\buildGpyr.m
		..\doc\EVM_Matlab\matlabPyrTools\buildLpyr.m = ..\doc\EVM_Matlab\matlabPyrTools\buildLpyr.m
		..\doc\EVM_Matlab\matlabPyrTools\buildSCFpyr.m = ..\doc\EVM_Matlab\matlabPyrTools\buildSCFpyr.m
		..\doc\EVM_Matlab\matlabPyrTools\buildSCFpyrLevs.m = ..\doc\EVM_Matlab\matlabPyrTools\buildSCFpyrLevs.m
		..\doc\EVM_Matlab\matlabPyrTools\buildSFpyr.m = ..\doc\EVM_Matlab\matlabPyrTools\buildSFpyr.m
		..\doc\EVM_Matlab\matlabPyrTools\buildSFpyrLevs.m = ..\doc\EVM_Matlab\matlabPyrTools\buildSFpyrLevs.m
		..\doc\EVM_Matlab\matlabPyrTools\buildSpyr.m = ..\doc\EVM_Matlab\matlabPyrTools\buildSpyr.m
		..\doc\EVM_Matlab\matlabPyrTools\buildSpyrLevs.m = ..\doc\EVM_Matlab\matlabPyrTools\buildSpyrLevs.m
		..\doc\EVM_Matlab\matlabPyrTools\buildWpyr.m = ..\doc\EVM_Matlab\matlabPyrTools\buildWpyr.m
		..\doc\EVM_Matlab\matlabPyrTools\cconv2.m = ..\doc\EVM_Matlab\matlabPyrTools\cconv2.m
		..\doc\EVM_Matlab\matlabPyrTools\ChangeLog = ..\doc\EVM_Matlab\matlabPyrTools\ChangeLog
		..\doc\EVM_Matlab\matlabPyrTools\clip.m = ..\doc\EVM_Matlab\matlabPyrTools\clip.m
		..\doc\EVM_Matlab\matlabPyrTools\Contents.m = ..\doc\EVM_Matlab\matlabPyrTools\Contents.m
		..\doc\EVM_Matlab\matlabPyrTools\corrDn.m = ..\doc\EVM_Matlab\matlabPyrTools\corrDn.m
		..\doc\EVM_Matlab\matlabPyrTools\corrDn.mexa64 = ..\doc\EVM_Matlab\matlabPyrTools\corrDn.mexa64
		..\doc\EVM_Matlab\matlabPyrTools\corrDn.mexglx = ..\doc\EVM_Matlab\matlabPyrTools\corrDn.mexglx
		..\doc\EVM_Matlab\matlabPyrTools\corrDn.mexmac = ..\doc\EVM_Matlab\matlabPyrTools\corrDn.mexmac
		..\doc\EVM_Matlab\matlabPyrTools\corrDn.mexmaci64 = ..\doc\EVM_Matlab\matlabPyrTools\corrDn.mexmaci64
		..\doc\EVM_Matlab\matlabPyrTools\corrDn.mexw32 = ..\doc\EVM_Matlab\matlabPyrTools\corrDn.mexw32
		..\doc\EVM_Matlab\matlabPyrTools\corrDn.mexw64 = ..\doc\EVM_Matlab\matlabPyrTools\corrDn.mexw64
		..\doc\EVM_Matlab\matlabPyrTools\einstein.pgm = ..\doc\EVM_Matlab\matlabPyrTools\einstein.pgm
		..\doc\EVM_Matlab\matlabPyrTools\entropy2.m = ..\doc\EVM_Matlab\matlabPyrTools\entropy2.m
		..\doc\EVM_Matlab\matlabPyrTools\factorial.m = ..\doc\EVM_Matlab\matlabPyrTools\factorial.m
		..\doc\EVM_Matlab\matlabPyrTools\feynman.pgm = ..\doc\EVM_Matlab\matlabPyrTools\feynman.pgm
		..\doc\EVM_Matlab\matlabPyrTools\histo.m = ..\doc\EVM_Matlab\matlabPyrTools\histo.m
		..\doc\EVM_Matlab\matlabPyrTools\histo.mexa64 = ..\doc\EVM_Matlab\matlabPyrTools\histo.mexa64
		..\doc\EVM_Matlab\matlabPyrTools\histo.mexglx = ..\doc\EVM_Matlab\matlabPyrTools\histo.mexglx
		..\doc\EVM_Matlab\matlabPyrTools\histo.mexmac = ..\doc\EVM_Matlab\matlabPyrTools\histo.mexmac
		..\doc\EVM_Matlab\matlabPyrTools\histo.mexmaci64 = ..\doc\EVM_Matlab\matlabPyrTools\histo.mexmaci64
		..\doc\EVM_Matlab\matlabPyrTools\histo.mexw32 = ..\doc\EVM_Matlab\matlabPyrTools\histo.mexw32
		..\doc\EVM_Matlab\matlabPyrTools\histo.mexw64 = ..\doc\EVM_Matlab\matlabPyrTools\histo.mexw64
		..\doc\EVM_Matlab\matlabPyrTools\histoMatch.m = ..\doc\EVM_Matlab\matlabPyrTools\histoMatch.m
		..\doc\EVM_Matlab\matlabPyrTools\imGradient.m = ..\doc\EVM_Matlab\matlabPyrTools\imGradient.m
		..\doc\EVM_Matlab\matlabPyrTools\imStats.m = ..\doc\EVM_Matlab\matlabPyrTools\imStats.m
		..\doc\EVM_Matlab\matlabPyrTools\innerProd.m = ..\doc\EVM_Matlab\matlabPyrTools\innerProd.m
		..\doc\EVM_Matlab\matlabPyrTools\kurt2.m = ..\doc\EVM_Matlab\matlabPyrTools\kurt2.m
		..\doc\EVM_Matlab\matlabPyrTools\lplot.m = ..\doc\EVM_Matlab\matlabPyrTools\lplot.m
		..\doc\EVM_Matlab\matlabPyrTools\lpyrHt.m = ..\doc\EVM_Matlab\matlabPyrTools\lpyrHt.m
		..\doc\EVM_Matlab\matlabPyrTools\make-tar-file = ..\doc\EVM_Matlab\matlabPyrTools\make-tar-file
		..\doc\EVM_Matlab\matlabPyrTools\maxPyrHt.m = ..\doc\EVM_Matlab\matlabPyrTools\maxPyrHt.m
		..\doc\EVM_Matlab\matlabPyrTools\mean2.m = ..\doc\EVM_Matlab\matlabPyrTools\mean2.m
		..\doc\EVM_Matlab\matlabPyrTools\mkAngle.m = ..\doc\EVM_Matlab\matlabPyrTools\mkAngle.m
		..\doc\EVM_Matlab\matlabPyrTools\mkAngularSine.m = ..\doc\EVM_Matlab\matlabPyrTools\mkAngularSine.m
		..\doc\EVM_Matlab\matlabPyrTools\mkDisc.m = ..\doc\EVM_Matlab\matlabPyrTools\mkDisc.m
		..\doc\EVM_Matlab\matlabPyrTools\mkFract.m = ..\doc\EVM_Matlab\matlabPyrTools\mkFract.m
		..\doc\EVM_Matlab\matlabPyrTools\mkGaussian.m = ..\doc\EVM_Matlab\matlabPyrTools\mkGaussian.m
		..\doc\EVM_Matlab\matlabPyrTools\mkImpulse.m = ..\doc\EVM_Matlab\matlabPyrTools\mkImpulse.m
		..\doc\EVM_Matlab\matlabPyrTools\mkR.m = ..\doc\EVM_Matlab\matlabPyrTools\mkR.m
		..\doc\EVM_Matlab\matlabPyrTools\mkRamp.m = ..\doc\EVM_Matlab\matlabPyrTools\mkRamp.m
		..\doc\EVM_Matlab\matlabPyrTools\mkSine.m = ..\doc\EVM_Matlab\matlabPyrTools\mkSine.m
		..\doc\EVM_Matlab\matlabPyrTools\mkSquare.m = ..\doc\EVM_Matlab\matlabPyrTools\mkSquare.m
		..\doc\EVM_Matlab\matlabPyrTools\mkZonePlate.m = ..\doc\EVM_Matlab\matlabPyrTools\mkZonePlate.m
		..\doc\EVM_Matlab\matlabPyrTools\modulateFlip.m = ..\doc\EVM_Matlab\matlabPyrTools\modulateFlip.m
		..\doc\EVM_Matlab\matlabPyrTools\namedFilter.m = ..\doc\EVM_Matlab\matlabPyrTools\namedFilter.m
		..\doc\EVM_Matlab\matlabPyrTools\nextFig.m = ..\doc\EVM_Matlab\matlabPyrTools\nextFig.m
		..\doc\EVM_Matlab\matlabPyrTools\pgmRead.m = ..\doc\EVM_Matlab\matlabPyrTools\pgmRead.m
		..\doc\EVM_Matlab\matlabPyrTools\pgmWrite.m = ..\doc\EVM_Matlab\matlabPyrTools\pgmWrite.m
		..\doc\EVM_Matlab\matlabPyrTools\pixelAxes.m = ..\doc\EVM_Matlab\matlabPyrTools\pixelAxes.m
		..\doc\EVM_Matlab\matlabPyrTools\pointOp.m = ..\doc\EVM_Matlab\matlabPyrTools\pointOp.m
		..\doc\EVM_Matlab\matlabPyrTools\pointOp.mexa64 = ..\doc\EVM_Matlab\matlabPyrTools\pointOp.mexa64
		..\doc\EVM_Matlab\matlabPyrTools\pointOp.mexglx = ..\doc\EVM_Matlab\matlabPyrTools\pointOp.mexglx
		..\doc\EVM_Matlab\matlabPyrTools\pointOp.mexmac = ..\doc\EVM_Matlab\matlabPyrTools\pointOp.mexmac
		..\doc\EVM_Matlab\matlabPyrTools\pointOp.mexmaci64 = ..\doc\EVM_Matlab\matlabPyrTools\pointOp.mexmaci64
		..\doc\EVM_Matlab\matlabPyrTools\pointOp.mexw32 = ..\doc\EVM_Matlab\matlabPyrTools\pointOp.mexw32
		..\doc\EVM_Matlab\matlabPyrTools\pointOp.mexw64 = ..\doc\EVM_Matlab\matlabPyrTools\pointOp.mexw64
		..\doc\EVM_Matlab\matlabPyrTools\pwd2path.m = ..\doc\EVM_Matlab\matlabPyrTools\pwd2path.m
		..\doc\EVM_Matlab\matlabPyrTools\pyrBand.m = ..\doc\EVM_Matlab\matlabPyrTools\pyrBand.m
		..\doc\EVM_Matlab\matlabPyrTools\pyrBandIndices.m = ..\doc\EVM_Matlab\matlabPyrTools\pyrBandIndices.m
		..\doc\EVM_Matlab\matlabPyrTools\pyrLow.m = ..\doc\EVM_Matlab\matlabPyrTools\pyrLow.m
		..\doc\EVM_Matlab\matlabPyrTools\pyrTools.pdf = ..\doc\EVM_Matlab\matlabPyrTools\pyrTools.pdf
		..\doc\EVM_Matlab\matlabPyrTools\range2.m = ..\doc\EVM_Matlab\matlabPyrTools\range2.m
		..\doc\EVM_Matlab\matlabPyrTools\range2.mexa64 = ..\doc\EVM_Matlab\matlabPyrTools\range2.mexa64
		..\doc\EVM_Matlab\matlabPyrTools\range2.mexglx = ..\doc\EVM_Matlab\matlabPyrTools\range2.mexglx
		..\doc\EVM_Matlab\matlabPyrTools\range2.mexmac = ..\doc\EVM_Matlab\matlabPyrTools\range2.mexmac
		..\doc\EVM_Matlab\matlabPyrTools\range2.mexmaci64 = ..\doc\EVM_Matlab\matlabPyrTools\range2.mexmaci64
		..\doc\EVM_Matlab\matlabPyrTools\range2.mexw32 = ..\doc\EVM_Matlab\matlabPyrTools\range2.mexw32
		..\doc\EVM_Matlab\matlabPyrTools\range2.mexw64 = ..\doc\EVM_Matlab\matlabPyrTools\range2.mexw64
		..\doc\EVM_Matlab\matlabPyrTools\rconv2.m = ..\doc\EVM_Matlab\matlabPyrTools\rconv2.m
		..\doc\EVM_Matlab\matlabPyrTools\rcosFn.m = ..\doc\EVM_Matlab\matlabPyrTools\rcosFn.m
		..\doc\EVM_Matlab\matlabPyrTools\README = ..\doc\EVM_Matlab\matlabPyrTools\README
		..\doc\EVM_Matlab\matlabPyrTools\reconLpyr.m = ..\doc\EVM_Matlab\matlabPyrTools\reconLpyr.m
		..\doc\EVM_Matlab\matlabPyrTools\reconSCFpyr.m = ..\doc\EVM_Matlab\matlabPyrTools\reconSCFpyr.m
		..\doc\EVM_Matlab\matlabPyrTools\reconSFpyr.m = ..\doc\EVM_Matlab\matlabPyrTools\reconSFpyr.m
		..\doc\EVM_Matlab\matlabPyrTools\reconSFpyrLevs.m = ..\doc\EVM_Matlab\matlabPyrTools\reconSFpyrLevs.m
		..\doc\EVM_Matlab\matlabPyrTools\reconSpyr.m = ..\doc\EVM_Matlab\matlabPyrTools\reconSpyr.m
		..\doc\EVM_Matlab\matlabPyrTools\reconSpyrLevs.m = ..\doc\EVM_Matlab\matlabPyrTools\reconSpyrLevs.m
		..\doc\EVM_Matlab\matlabPyrTools\reconWpyr.m = ..\doc\EVM_Matlab\matlabPyrTools\reconWpyr.m
		..\doc\EVM_Matlab\matlabPyrTools\setPyrBand.m = ..\doc\EVM_Matlab\matlabPyrTools\setPyrBand.m
		..\doc\EVM_Matlab\matlabPyrTools\shift.m = ..\doc\EVM_Matlab\matlabPyrTools\shift.m
		..\doc\EVM_Matlab\matlabPyrTools\showIm.m = ..\doc\EVM_Matlab\matlabPyrTools\showIm.m
		..\doc\EVM_Matlab\matlabPyrTools\showLpyr.m = ..\doc\EVM_Matlab\matlabPyrTools\showLpyr.m
		..\doc\EVM_Matlab\matlabPyrTools\showSpyr.m = ..\doc\EVM_Matlab\matlabPyrTools\showSpyr.m
		..\doc\EVM_Matlab\matlabPyrTools\showWpyr.m = ..\doc\EVM_Matlab\matlabPyrTools\showWpyr.m
		..\doc\EVM_Matlab\matlabPyrTools\skew2.m = ..\doc\EVM_Matlab\matlabPyrTools\skew2.m
		..\doc\EVM_Matlab\matlabPyrTools\sp0Filters.m = ..\doc\EVM_Matlab\matlabPyrTools\sp0Filters.m
		..\doc\EVM_Matlab\matlabPyrTools\sp1Filters.m = ..\doc\EVM_Matlab\matlabPyrTools\sp1Filters.m
		..\doc\EVM_Matlab\matlabPyrTools\sp3Filters.m = ..\doc\EVM_Matlab\matlabPyrTools\sp3Filters.m
		..\doc\EVM_Matlab\matlabPyrTools\sp5Filters.m = ..\doc\EVM_Matlab\matlabPyrTools\sp5Filters.m
		..\doc\EVM_Matlab\matlabPyrTools\spyrBand.m = ..\doc\EVM_Matlab\matlabPyrTools\spyrBand.m
		..\doc\EVM_Matlab\matlabPyrTools\spyrHigh.m = ..\doc\EVM_Matlab\matlabPyrTools\spyrHigh.m
		..\doc\EVM_Matlab\matlabPyrTools\spyrHt.m = ..\doc\EVM_Matlab\matlabPyrTools\spyrHt.m
		..\doc\EVM_Matlab\matlabPyrTools\spyrLev.m = ..\doc\EVM_Matlab\matlabPyrTools\spyrLev.m
		..\doc\EVM_Matlab\matlabPyrTools\spyrNumBands.m = ..\doc\EVM_Matlab\matlabPyrTools\spyrNumBands.m
		..\doc\EVM_Matlab\matlabPyrTools\steer.m = ..\doc\EVM_Matlab\matlabPyrTools\steer.m
		..\doc\EVM_Matlab\matlabPyrTools\steer2HarmMtx.m = ..\doc\EVM_Matlab\matlabPyrTools\steer2HarmMtx.m
		..\doc\EVM_Matlab\matlabPyrTools\subMtx.m = ..\doc\EVM_Matlab\matlabPyrTools\subMtx.m
		..\doc\EVM_Matlab\matlabPyrTools\upBlur.m = ..\doc\EVM_Matlab\matlabPyrTools\upBlur.m
		..\doc\EVM_Matlab\matlabPyrTools\upConv.m = ..\doc\EVM_Matlab\matlabPyrTools\upConv.m
		..\doc\EVM_Matlab\matlabPyrTools\upConv.mexa64 = ..\doc\EVM_Matlab\matlabPyrTools\upConv.mexa64
		..\doc\EVM_Matlab\matlabPyrTools\upConv.mexglx = ..\doc\EVM_Matlab\matlabPyrTools\upConv.mexglx
		..\doc\EVM_Matlab\matlabPyrTools\upConv.mexmac = ..\doc\EVM_Matlab\matlabPyrTools\upConv.mexmac
		..\doc\EVM_Matlab\matlabPyrTools\upConv.mexmaci64 = ..\doc\EVM_Matlab\matlabPyrTools\upConv.mexmaci64
		..\doc\EVM_Matlab\matlabPyrTools\upConv.mexw32 = ..\doc\EVM_Matlab\matlabPyrTools\upConv.mexw32
		..\doc\EVM_Matlab\matlabPyrTools\upConv.mexw64 = ..\doc\EVM_Matlab\matlabPyrTools\upConv.mexw64
		..\doc\EVM_Matlab\matlabPyrTools\var2.m = ..\doc\EVM_Matlab\matlabPyrTools\var2.m
		..\doc\EVM_Matlab\matlabPyrTools\vectify.m = ..\doc\EVM_Matlab\matlabPyrTools\vectify.m
		..\doc\EVM_Matlab\matlabPyrTools\wpyrBand.m = ..\doc\EVM_Matlab\matlabPyrTools\wpyrBand.m
		..\doc\EVM_Matlab\matlabPyrTools\wpyrHt.m = ..\doc\EVM_Matlab\matlabPyrTools\wpyrHt.m
		..\doc\EVM_Matlab\matlabPyrTools\wpyrLev.m = ..\doc\EVM_Matlab\matlabPyrTools\wpyrLev.m
		..\doc\EVM_Matlab\matlabPyrTools\zconv2.m = ..\doc\EVM_Matlab\matlabPyrTools\zconv2.m
	EndProjectSection
EndProject
Global
	GlobalSection(SolutionConfigurationPlatforms) = preSolution
		Debug|Any CPU = Debug|Any CPU
		Release|Any CPU = Release|Any CPU
	EndGlobalSection
	GlobalSection(ProjectConfigurationPlatforms) = postSolution
		{D96CE975-FC7B-480B-B8C8-F9CA0199916F}.Debug|Any CPU.ActiveCfg = Debug|Any CPU
		{D96CE975-FC7B-480B-B8C8-F9CA0199916F}.Debug|Any CPU.Build.0 = Debug|Any CPU
		{D96CE975-FC7B-480B-B8C8-F9CA0199916F}.Release|Any CPU.ActiveCfg = Release|Any CPU
		{D96CE975-FC7B-480B-B8C8-F9CA0199916F}.Release|Any CPU.Build.0 = Release|Any CPU
	EndGlobalSection
	GlobalSection(SolutionProperties) = preSolution
		HideSolutionNode = FALSE
	EndGlobalSection
	GlobalSection(NestedProjects) = preSolution
		{861F7721-5A84-4BB7-8134-AB48B8F8DBDF} = {DCA84F37-358B-4994-9D74-2D6E7B90974F}
	EndGlobalSection
EndGlobal
